Microsoft Visual Studio Solution File, Format Version 12.00
# Visual Studio 15
VisualStudioVersion = 15.0.27428.2037
MinimumVisualStudioVersion = 10.0.40219.1
Project("{9A19103F-16F7-4668-BE54-9A1E7A4F7556}") = "ScannerApi", "ScannerApi\ScannerApi.csproj", "{3A024978-B1C4-4568-BE3C-8460CF0FAE93}"
EndProject
Project("{9A19103F-16F7-4668-BE54-9A1E7A4F7556}") = "ScannerApi.Tests", "ScannerApi.Tests\ScannerApi.Tests.csproj", "{9C1684D6-1A92-4469-8F7F-06E41EEE27A2}"
EndProject
Project("{FAE04EC0-301F-11D3-BF4B-00C04F79EFBC}") = "Scanner.Core", "Scanner.Core\Scanner.Core.csproj", "{1F449FAE-EBB6-4E0C-ABBC-31A2A1638D6F}"
EndProject
Global
	GlobalSection(SolutionConfigurationPlatforms) = preSolution
		Debug|Any CPU = Debug|Any CPU
		Debug|x64 = Debug|x64
		Debug|x86 = Debug|x86
		Release|Any CPU = Release|Any CPU
		Release|x64 = Release|x64
		Release|x86 = Release|x86
	EndGlobalSection
	GlobalSection(ProjectConfigurationPlatforms) = postSolution
		{3A024978-B1C4-4568-BE3C-8460CF0FAE93}.Debug|Any CPU.ActiveCfg = Debug|Any CPU
		{3A024978-B1C4-4568-BE3C-8460CF0FAE93}.Debug|Any CPU.Build.0 = Debug|Any CPU
		{3A024978-B1C4-4568-BE3C-8460CF0FAE93}.Debug|x64.ActiveCfg = Debug|Any CPU
		{3A024978-B1C4-4568-BE3C-8460CF0FAE93}.Debug|x64.Build.0 = Debug|Any CPU
		{3A024978-B1C4-4568-BE3C-8460CF0FAE93}.Debug|x86.ActiveCfg = Debug|Any CPU
		{3A024978-B1C4-4568-BE3C-8460CF0FAE93}.Debug|x86.Build.0 = Debug|Any CPU
		{3A024978-B1C4-4568-BE3C-8460CF0FAE93}.Release|Any CPU.ActiveCfg = Release|Any CPU
		{3A024978-B1C4-4568-BE3C-8460CF0FAE93}.Release|Any CPU.Build.0 = Release|Any CPU
		{3A024978-B1C4-4568-BE3C-8460CF0FAE93}.Release|x64.ActiveCfg = Release|Any CPU
		{3A024978-B1C4-4568-BE3C-8460CF0FAE93}.Release|x64.Build.0 = Release|Any CPU
		{3A024978-B1C4-4568-BE3C-8460CF0FAE93}.Release|x86.ActiveCfg = Release|Any CPU
		{3A024978-B1C4-4568-BE3C-8460CF0FAE93}.Release|x86.Build.0 = Release|Any CPU
		{9C1684D6-1A92-4469-8F7F-06E41EEE27A2}.Debug|Any CPU.ActiveCfg = Debug|Any CPU
		{9C1684D6-1A92-4469-8F7F-06E41EEE27A2}.Debug|Any CPU.Build.0 = Debug|Any CPU
		{9C1684D6-1A92-4469-8F7F-06E41EEE27A2}.Debug|x64.ActiveCfg = Debug|Any CPU
		{9C1684D6-1A92-4469-8F7F-06E41EEE27A2}.Debug|x64.Build.0 = Debug|Any CPU
		{9C1684D6-1A92-4469-8F7F-06E41EEE27A2}.Debug|x86.ActiveCfg = Debug|Any CPU
		{9C1684D6-1A92-4469-8F7F-06E41EEE27A2}.Debug|x86.Build.0 = Debug|Any CPU
		{9C1684D6-1A92-4469-8F7F-06E41EEE27A2}.Release|Any CPU.ActiveCfg = Release|Any CPU
		{9C1684D6-1A92-4469-8F7F-06E41EEE27A2}.Release|Any CPU.Build.0 = Release|Any CPU
		{9C1684D6-1A92-4469-8F7F-06E41EEE27A2}.Release|x64.ActiveCfg = Release|Any CPU
		{9C1684D6-1A92-4469-8F7F-06E41EEE27A2}.Release|x64.Build.0 = Release|Any CPU
		{9C1684D6-1A92-4469-8F7F-06E41EEE27A2}.Release|x86.ActiveCfg = Release|Any CPU
		{9C1684D6-1A92-4469-8F7F-06E41EEE27A2}.Release|x86.Build.0 = Release|Any CPU
		{1F449FAE-EBB6-4E0C-ABBC-31A2A1638D6F}.Debug|Any CPU.ActiveCfg = Debug|Any CPU
		{1F449FAE-EBB6-4E0C-ABBC-31A2A1638D6F}.Debug|Any CPU.Build.0 = Debug|Any CPU
		{1F449FAE-EBB6-4E0C-ABBC-31A2A1638D6F}.Debug|x64.ActiveCfg = Debug|Any CPU
		{1F449FAE-EBB6-4E0C-ABBC-31A2A1638D6F}.Debug|x64.Build.0 = Debug|Any CPU
		{1F449FAE-EBB6-4E0C-ABBC-31A2A1638D6F}.Debug|x86.ActiveCfg = Debug|Any CPU
		{1F449FAE-EBB6-4E0C-ABBC-31A2A1638D6F}.Debug|x86.Build.0 = Debug|Any CPU
		{1F449FAE-EBB6-4E0C-ABBC-31A2A1638D6F}.Release|Any CPU.ActiveCfg = Release|Any CPU
		{1F449FAE-EBB6-4E0C-ABBC-31A2A1638D6F}.Release|Any CPU.Build.0 = Release|Any CPU
		{1F449FAE-EBB6-4E0C-ABBC-31A2A1638D6F}.Release|x64.ActiveCfg = Release|Any CPU
		{1F449FAE-EBB6-4E0C-ABBC-31A2A1638D6F}.Release|x64.Build.0 = Release|Any CPU
		{1F449FAE-EBB6-4E0C-ABBC-31A2A1638D6F}.Release|x86.ActiveCfg = Release|Any CPU
		{1F449FAE-EBB6-4E0C-ABBC-31A2A1638D6F}.Release|x86.Build.0 = Release|Any CPU
	EndGlobalSection
	GlobalSection(SolutionProperties) = preSolution
		HideSolutionNode = FALSE
	EndGlobalSection
	GlobalSection(ExtensibilityGlobals) = postSolution
		SolutionGuid = {3CD0F8BF-2781-42CA-9D55-00DC741D40AD}
	EndGlobalSection
EndGlobal
